
Microsoft Visual Studio Solution File, Format Version 12.00
# Visual Studio Version 16
VisualStudioVersion = 16.0.29123.88
MinimumVisualStudioVersion = 10.0.40219.1
Project("{9A19103F-16F7-4668-BE54-9A1E7A4F7556}") = "XWebApplication", "XWebApplication\XWebApplication.csproj", "{C9B293B7-331D-4FB9-B9B7-1C3C565810EF}"
EndProject
Project("{9A19103F-16F7-4668-BE54-9A1E7A4F7556}") = "XSystem", "XSystem\XSystem.csproj", "{E3754CFD-7EDE-439A-BBC8-64C1159DBCF4}"
EndProject
Project("{9A19103F-16F7-4668-BE54-9A1E7A4F7556}") = "XSystem.XInternal", "XSystem.XInternal\XSystem.XInternal.csproj", "{539F6586-818C-4B76-8F9D-785BE1A05CF4}"
EndProject
Project("{9A19103F-16F7-4668-BE54-9A1E7A4F7556}") = "XSystem.XReflection.XInternal", "XSystem.XReflection.XInternal\XSystem.XReflection.XInternal.csproj", "{DABEC018-9B5B-44C2-A763-53AD054F8006}"
EndProject
Project("{9A19103F-16F7-4668-BE54-9A1E7A4F7556}") = "XSystem.XComponentModel", "XSystem.XComponentModel\XSystem.XComponentModel.csproj", "{8A5DB960-60FF-4C4F-86AB-7DF50F490D25}"
EndProject
Project("{9A19103F-16F7-4668-BE54-9A1E7A4F7556}") = "XSystem.XComponentModel.XInternal", "XSystem.XComponentModel.XInternal\XSystem.XComponentModel.XInternal.csproj", "{27547DFA-E76E-4241-A222-D4D14A8934D9}"
EndProject
Project("{9A19103F-16F7-4668-BE54-9A1E7A4F7556}") = "OpenUP", "OpenUP\OpenUP.csproj", "{CE37B564-1E7A-4763-B54A-F75C7F46AC4B}"
EndProject
Project("{9A19103F-16F7-4668-BE54-9A1E7A4F7556}") = "_XSystem", "_XSystem\_XSystem.csproj", "{559F31FD-8A87-4663-9499-82F4645C4C45}"
EndProject
Project("{9A19103F-16F7-4668-BE54-9A1E7A4F7556}") = "XWebApplication.Tests", "XWebApplication.Tests\XWebApplication.Tests.csproj", "{4FD2EB70-E591-4B0A-9D03-E6652A2808B5}"
EndProject
Project("{9A19103F-16F7-4668-BE54-9A1E7A4F7556}") = "XWebApplication.Models", "XWebApplication.Models\XWebApplication.Models.csproj", "{985DD101-D990-486A-89CE-216C03E70B6C}"
EndProject
Project("{9A19103F-16F7-4668-BE54-9A1E7A4F7556}") = "XDatabase", "XDatabase\XDatabase.csproj", "{4C87A676-A2F1-4616-A048-EBDA28721EA3}"
EndProject
Project("{8BC9CEB8-8B4A-11D0-8D11-00A0C91BC942}") = "cpp", "cpp\cpp.vcxproj", "{4F2B799E-3BB1-4074-9B4D-ABCF9338B39D}"
	ProjectSection(ProjectDependencies) = postProject
		{BF3B78C5-9628-498D-B1BA-58BFD7DB3EA3} = {BF3B78C5-9628-498D-B1BA-58BFD7DB3EA3}
	EndProjectSection
EndProject
Project("{8BC9CEB8-8B4A-11D0-8D11-00A0C91BC942}") = "xcpp", "xcpp\xcpp.vcxproj", "{BF3B78C5-9628-498D-B1BA-58BFD7DB3EA3}"
EndProject
Project("{9A19103F-16F7-4668-BE54-9A1E7A4F7556}") = "cs", "cs\cs.csproj", "{B38DC932-043D-4704-BBAE-17B3C0336CAD}"
EndProject
Project("{9A19103F-16F7-4668-BE54-9A1E7A4F7556}") = "XCS", "XCS\XCS.csproj", "{0496F546-E002-498F-90E6-D2A988EC3936}"
EndProject
Project("{FAE04EC0-301F-11D3-BF4B-00C04F79EFBC}") = "XWpfApp", "XWpfApp\XWpfApp.csproj", "{A040D972-3729-4104-90B8-68C4EEC656D9}"
EndProject
Global
	GlobalSection(SolutionConfigurationPlatforms) = preSolution
		Debug|Any CPU = Debug|Any CPU
		Debug|x64 = Debug|x64
		Debug|x86 = Debug|x86
		Release|Any CPU = Release|Any CPU
		Release|x64 = Release|x64
		Release|x86 = Release|x86
	EndGlobalSection
	GlobalSection(ProjectConfigurationPlatforms) = postSolution
		{C9B293B7-331D-4FB9-B9B7-1C3C565810EF}.Debug|Any CPU.ActiveCfg = Debug|Any CPU
		{C9B293B7-331D-4FB9-B9B7-1C3C565810EF}.Debug|Any CPU.Build.0 = Debug|Any CPU
		{C9B293B7-331D-4FB9-B9B7-1C3C565810EF}.Debug|x64.ActiveCfg = Debug|Any CPU
		{C9B293B7-331D-4FB9-B9B7-1C3C565810EF}.Debug|x64.Build.0 = Debug|Any CPU
		{C9B293B7-331D-4FB9-B9B7-1C3C565810EF}.Debug|x86.ActiveCfg = Debug|Any CPU
		{C9B293B7-331D-4FB9-B9B7-1C3C565810EF}.Debug|x86.Build.0 = Debug|Any CPU
		{C9B293B7-331D-4FB9-B9B7-1C3C565810EF}.Release|Any CPU.ActiveCfg = Release|Any CPU
		{C9B293B7-331D-4FB9-B9B7-1C3C565810EF}.Release|Any CPU.Build.0 = Release|Any CPU
		{C9B293B7-331D-4FB9-B9B7-1C3C565810EF}.Release|x64.ActiveCfg = Release|Any CPU
		{C9B293B7-331D-4FB9-B9B7-1C3C565810EF}.Release|x64.Build.0 = Release|Any CPU
		{C9B293B7-331D-4FB9-B9B7-1C3C565810EF}.Release|x86.ActiveCfg = Release|Any CPU
		{C9B293B7-331D-4FB9-B9B7-1C3C565810EF}.Release|x86.Build.0 = Release|Any CPU
		{E3754CFD-7EDE-439A-BBC8-64C1159DBCF4}.Debug|Any CPU.ActiveCfg = Debug|Any CPU
		{E3754CFD-7EDE-439A-BBC8-64C1159DBCF4}.Debug|Any CPU.Build.0 = Debug|Any CPU
		{E3754CFD-7EDE-439A-BBC8-64C1159DBCF4}.Debug|x64.ActiveCfg = Debug|Any CPU
		{E3754CFD-7EDE-439A-BBC8-64C1159DBCF4}.Debug|x64.Build.0 = Debug|Any CPU
		{E3754CFD-7EDE-439A-BBC8-64C1159DBCF4}.Debug|x86.ActiveCfg = Debug|Any CPU
		{E3754CFD-7EDE-439A-BBC8-64C1159DBCF4}.Debug|x86.Build.0 = Debug|Any CPU
		{E3754CFD-7EDE-439A-BBC8-64C1159DBCF4}.Release|Any CPU.ActiveCfg = Release|Any CPU
		{E3754CFD-7EDE-439A-BBC8-64C1159DBCF4}.Release|Any CPU.Build.0 = Release|Any CPU
		{E3754CFD-7EDE-439A-BBC8-64C1159DBCF4}.Release|x64.ActiveCfg = Release|Any CPU
		{E3754CFD-7EDE-439A-BBC8-64C1159DBCF4}.Release|x64.Build.0 = Release|Any CPU
		{E3754CFD-7EDE-439A-BBC8-64C1159DBCF4}.Release|x86.ActiveCfg = Release|Any CPU
		{E3754CFD-7EDE-439A-BBC8-64C1159DBCF4}.Release|x86.Build.0 = Release|Any CPU
		{539F6586-818C-4B76-8F9D-785BE1A05CF4}.Debug|Any CPU.ActiveCfg = Debug|Any CPU
		{539F6586-818C-4B76-8F9D-785BE1A05CF4}.Debug|Any CPU.Build.0 = Debug|Any CPU
		{539F6586-818C-4B76-8F9D-785BE1A05CF4}.Debug|x64.ActiveCfg = Debug|Any CPU
		{539F6586-818C-4B76-8F9D-785BE1A05CF4}.Debug|x64.Build.0 = Debug|Any CPU
		{539F6586-818C-4B76-8F9D-785BE1A05CF4}.Debug|x86.ActiveCfg = Debug|Any CPU
		{539F6586-818C-4B76-8F9D-785BE1A05CF4}.Debug|x86.Build.0 = Debug|Any CPU
		{539F6586-818C-4B76-8F9D-785BE1A05CF4}.Release|Any CPU.ActiveCfg = Release|Any CPU
		{539F6586-818C-4B76-8F9D-785BE1A05CF4}.Release|Any CPU.Build.0 = Release|Any CPU
		{539F6586-818C-4B76-8F9D-785BE1A05CF4}.Release|x64.ActiveCfg = Release|Any CPU
		{539F6586-818C-4B76-8F9D-785BE1A05CF4}.Release|x64.Build.0 = Release|Any CPU
		{539F6586-818C-4B76-8F9D-785BE1A05CF4}.Release|x86.ActiveCfg = Release|Any CPU
		{539F6586-818C-4B76-8F9D-785BE1A05CF4}.Release|x86.Build.0 = Release|Any CPU
		{DABEC018-9B5B-44C2-A763-53AD054F8006}.Debug|Any CPU.ActiveCfg = Debug|Any CPU
		{DABEC018-9B5B-44C2-A763-53AD054F8006}.Debug|Any CPU.Build.0 = Debug|Any CPU
		{DABEC018-9B5B-44C2-A763-53AD054F8006}.Debug|x64.ActiveCfg = Debug|Any CPU
		{DABEC018-9B5B-44C2-A763-53AD054F8006}.Debug|x64.Build.0 = Debug|Any CPU
		{DABEC018-9B5B-44C2-A763-53AD054F8006}.Debug|x86.ActiveCfg = Debug|Any CPU
		{DABEC018-9B5B-44C2-A763-53AD054F8006}.Debug|x86.Build.0 = Debug|Any CPU
		{DABEC018-9B5B-44C2-A763-53AD054F8006}.Release|Any CPU.ActiveCfg = Release|Any CPU
		{DABEC018-9B5B-44C2-A763-53AD054F8006}.Release|Any CPU.Build.0 = Release|Any CPU
		{DABEC018-9B5B-44C2-A763-53AD054F8006}.Release|x64.ActiveCfg = Release|Any CPU
		{DABEC018-9B5B-44C2-A763-53AD054F8006}.Release|x64.Build.0 = Release|Any CPU
		{DABEC018-9B5B-44C2-A763-53AD054F8006}.Release|x86.ActiveCfg = Release|Any CPU
		{DABEC018-9B5B-44C2-A763-53AD054F8006}.Release|x86.Build.0 = Release|Any CPU
		{8A5DB960-60FF-4C4F-86AB-7DF50F490D25}.Debug|Any CPU.ActiveCfg = Debug|Any CPU
		{8A5DB960-60FF-4C4F-86AB-7DF50F490D25}.Debug|Any CPU.Build.0 = Debug|Any CPU
		{8A5DB960-60FF-4C4F-86AB-7DF50F490D25}.Debug|x64.ActiveCfg = Debug|Any CPU
		{8A5DB960-60FF-4C4F-86AB-7DF50F490D25}.Debug|x64.Build.0 = Debug|Any CPU
		{8A5DB960-60FF-4C4F-86AB-7DF50F490D25}.Debug|x86.ActiveCfg = Debug|Any CPU
		{8A5DB960-60FF-4C4F-86AB-7DF50F490D25}.Debug|x86.Build.0 = Debug|Any CPU
		{8A5DB960-60FF-4C4F-86AB-7DF50F490D25}.Release|Any CPU.ActiveCfg = Release|Any CPU
		{8A5DB960-60FF-4C4F-86AB-7DF50F490D25}.Release|Any CPU.Build.0 = Release|Any CPU
		{8A5DB960-60FF-4C4F-86AB-7DF50F490D25}.Release|x64.ActiveCfg = Release|Any CPU
		{8A5DB960-60FF-4C4F-86AB-7DF50F490D25}.Release|x64.Build.0 = Release|Any CPU
		{8A5DB960-60FF-4C4F-86AB-7DF50F490D25}.Release|x86.ActiveCfg = Release|Any CPU
		{8A5DB960-60FF-4C4F-86AB-7DF50F490D25}.Release|x86.Build.0 = Release|Any CPU
		{27547DFA-E76E-4241-A222-D4D14A8934D9}.Debug|Any CPU.ActiveCfg = Debug|Any CPU
		{27547DFA-E76E-4241-A222-D4D14A8934D9}.Debug|Any CPU.Build.0 = Debug|Any CPU
		{27547DFA-E76E-4241-A222-D4D14A8934D9}.Debug|x64.ActiveCfg = Debug|Any CPU
		{27547DFA-E76E-4241-A222-D4D14A8934D9}.Debug|x64.Build.0 = Debug|Any CPU
		{27547DFA-E76E-4241-A222-D4D14A8934D9}.Debug|x86.ActiveCfg = Debug|Any CPU
		{27547DFA-E76E-4241-A222-D4D14A8934D9}.Debug|x86.Build.0 = Debug|Any CPU
		{27547DFA-E76E-4241-A222-D4D14A8934D9}.Release|Any CPU.ActiveCfg = Release|Any CPU
		{27547DFA-E76E-4241-A222-D4D14A8934D9}.Release|Any CPU.Build.0 = Release|Any CPU
		{27547DFA-E76E-4241-A222-D4D14A8934D9}.Release|x64.ActiveCfg = Release|Any CPU
		{27547DFA-E76E-4241-A222-D4D14A8934D9}.Release|x64.Build.0 = Release|Any CPU
		{27547DFA-E76E-4241-A222-D4D14A8934D9}.Release|x86.ActiveCfg = Release|Any CPU
		{27547DFA-E76E-4241-A222-D4D14A8934D9}.Release|x86.Build.0 = Release|Any CPU
		{CE37B564-1E7A-4763-B54A-F75C7F46AC4B}.Debug|Any CPU.ActiveCfg = Debug|Any CPU
		{CE37B564-1E7A-4763-B54A-F75C7F46AC4B}.Debug|Any CPU.Build.0 = Debug|Any CPU
		{CE37B564-1E7A-4763-B54A-F75C7F46AC4B}.Debug|x64.ActiveCfg = Debug|Any CPU
		{CE37B564-1E7A-4763-B54A-F75C7F46AC4B}.Debug|x64.Build.0 = Debug|Any CPU
		{CE37B564-1E7A-4763-B54A-F75C7F46AC4B}.Debug|x86.ActiveCfg = Debug|Any CPU
		{CE37B564-1E7A-4763-B54A-F75C7F46AC4B}.Debug|x86.Build.0 = Debug|Any CPU
		{CE37B564-1E7A-4763-B54A-F75C7F46AC4B}.Release|Any CPU.ActiveCfg = Release|Any CPU
		{CE37B564-1E7A-4763-B54A-F75C7F46AC4B}.Release|Any CPU.Build.0 = Release|Any CPU
		{CE37B564-1E7A-4763-B54A-F75C7F46AC4B}.Release|x64.ActiveCfg = Release|Any CPU
		{CE37B564-1E7A-4763-B54A-F75C7F46AC4B}.Release|x64.Build.0 = Release|Any CPU
		{CE37B564-1E7A-4763-B54A-F75C7F46AC4B}.Release|x86.ActiveCfg = Release|Any CPU
		{CE37B564-1E7A-4763-B54A-F75C7F46AC4B}.Release|x86.Build.0 = Release|Any CPU
		{559F31FD-8A87-4663-9499-82F4645C4C45}.Debug|Any CPU.ActiveCfg = Debug|Any CPU
		{559F31FD-8A87-4663-9499-82F4645C4C45}.Debug|Any CPU.Build.0 = Debug|Any CPU
		{559F31FD-8A87-4663-9499-82F4645C4C45}.Debug|x64.ActiveCfg = Debug|Any CPU
		{559F31FD-8A87-4663-9499-82F4645C4C45}.Debug|x64.Build.0 = Debug|Any CPU
		{559F31FD-8A87-4663-9499-82F4645C4C45}.Debug|x86.ActiveCfg = Debug|Any CPU
		{559F31FD-8A87-4663-9499-82F4645C4C45}.Debug|x86.Build.0 = Debug|Any CPU
		{559F31FD-8A87-4663-9499-82F4645C4C45}.Release|Any CPU.ActiveCfg = Release|Any CPU
		{559F31FD-8A87-4663-9499-82F4645C4C45}.Release|Any CPU.Build.0 = Release|Any CPU
		{559F31FD-8A87-4663-9499-82F4645C4C45}.Release|x64.ActiveCfg = Release|Any CPU
		{559F31FD-8A87-4663-9499-82F4645C4C45}.Release|x64.Build.0 = Release|Any CPU
		{559F31FD-8A87-4663-9499-82F4645C4C45}.Release|x86.ActiveCfg = Release|Any CPU
		{559F31FD-8A87-4663-9499-82F4645C4C45}.Release|x86.Build.0 = Release|Any CPU
		{4FD2EB70-E591-4B0A-9D03-E6652A2808B5}.Debug|Any CPU.ActiveCfg = Debug|Any CPU
		{4FD2EB70-E591-4B0A-9D03-E6652A2808B5}.Debug|Any CPU.Build.0 = Debug|Any CPU
		{4FD2EB70-E591-4B0A-9D03-E6652A2808B5}.Debug|x64.ActiveCfg = Debug|Any CPU
		{4FD2EB70-E591-4B0A-9D03-E6652A2808B5}.Debug|x64.Build.0 = Debug|Any CPU
		{4FD2EB70-E591-4B0A-9D03-E6652A2808B5}.Debug|x86.ActiveCfg = Debug|Any CPU
		{4FD2EB70-E591-4B0A-9D03-E6652A2808B5}.Debug|x86.Build.0 = Debug|Any CPU
		{4FD2EB70-E591-4B0A-9D03-E6652A2808B5}.Release|Any CPU.ActiveCfg = Release|Any CPU
		{4FD2EB70-E591-4B0A-9D03-E6652A2808B5}.Release|Any CPU.Build.0 = Release|Any CPU
		{4FD2EB70-E591-4B0A-9D03-E6652A2808B5}.Release|x64.ActiveCfg = Release|Any CPU
		{4FD2EB70-E591-4B0A-9D03-E6652A2808B5}.Release|x64.Build.0 = Release|Any CPU
		{4FD2EB70-E591-4B0A-9D03-E6652A2808B5}.Release|x86.ActiveCfg = Release|Any CPU
		{4FD2EB70-E591-4B0A-9D03-E6652A2808B5}.Release|x86.Build.0 = Release|Any CPU
		{985DD101-D990-486A-89CE-216C03E70B6C}.Debug|Any CPU.ActiveCfg = Debug|Any CPU
		{985DD101-D990-486A-89CE-216C03E70B6C}.Debug|Any CPU.Build.0 = Debug|Any CPU
		{985DD101-D990-486A-89CE-216C03E70B6C}.Debug|x64.ActiveCfg = Debug|Any CPU
		{985DD101-D990-486A-89CE-216C03E70B6C}.Debug|x64.Build.0 = Debug|Any CPU
		{985DD101-D990-486A-89CE-216C03E70B6C}.Debug|x86.ActiveCfg = Debug|Any CPU
		{985DD101-D990-486A-89CE-216C03E70B6C}.Debug|x86.Build.0 = Debug|Any CPU
		{985DD101-D990-486A-89CE-216C03E70B6C}.Release|Any CPU.ActiveCfg = Release|Any CPU
		{985DD101-D990-486A-89CE-216C03E70B6C}.Release|Any CPU.Build.0 = Release|Any CPU
		{985DD101-D990-486A-89CE-216C03E70B6C}.Release|x64.ActiveCfg = Release|Any CPU
		{985DD101-D990-486A-89CE-216C03E70B6C}.Release|x64.Build.0 = Release|Any CPU
		{985DD101-D990-486A-89CE-216C03E70B6C}.Release|x86.ActiveCfg = Release|Any CPU
		{985DD101-D990-486A-89CE-216C03E70B6C}.Release|x86.Build.0 = Release|Any CPU
		{4C87A676-A2F1-4616-A048-EBDA28721EA3}.Debug|Any CPU.ActiveCfg = Debug|Any CPU
		{4C87A676-A2F1-4616-A048-EBDA28721EA3}.Debug|Any CPU.Build.0 = Debug|Any CPU
		{4C87A676-A2F1-4616-A048-EBDA28721EA3}.Debug|x64.ActiveCfg = Debug|Any CPU
		{4C87A676-A2F1-4616-A048-EBDA28721EA3}.Debug|x64.Build.0 = Debug|Any CPU
		{4C87A676-A2F1-4616-A048-EBDA28721EA3}.Debug|x86.ActiveCfg = Debug|Any CPU
		{4C87A676-A2F1-4616-A048-EBDA28721EA3}.Debug|x86.Build.0 = Debug|Any CPU
		{4C87A676-A2F1-4616-A048-EBDA28721EA3}.Release|Any CPU.ActiveCfg = Release|Any CPU
		{4C87A676-A2F1-4616-A048-EBDA28721EA3}.Release|Any CPU.Build.0 = Release|Any CPU
		{4C87A676-A2F1-4616-A048-EBDA28721EA3}.Release|x64.ActiveCfg = Release|Any CPU
		{4C87A676-A2F1-4616-A048-EBDA28721EA3}.Release|x64.Build.0 = Release|Any CPU
		{4C87A676-A2F1-4616-A048-EBDA28721EA3}.Release|x86.ActiveCfg = Release|Any CPU
		{4C87A676-A2F1-4616-A048-EBDA28721EA3}.Release|x86.Build.0 = Release|Any CPU
		{4F2B799E-3BB1-4074-9B4D-ABCF9338B39D}.Debug|Any CPU.ActiveCfg = Debug|x64
		{4F2B799E-3BB1-4074-9B4D-ABCF9338B39D}.Debug|x64.ActiveCfg = Debug|x64
		{4F2B799E-3BB1-4074-9B4D-ABCF9338B39D}.Debug|x64.Build.0 = Debug|x64
		{4F2B799E-3BB1-4074-9B4D-ABCF9338B39D}.Debug|x86.ActiveCfg = Debug|Win32
		{4F2B799E-3BB1-4074-9B4D-ABCF9338B39D}.Debug|x86.Build.0 = Debug|Win32
		{4F2B799E-3BB1-4074-9B4D-ABCF9338B39D}.Release|Any CPU.ActiveCfg = Release|Win32
		{4F2B799E-3BB1-4074-9B4D-ABCF9338B39D}.Release|x64.ActiveCfg = Release|x64
		{4F2B799E-3BB1-4074-9B4D-ABCF9338B39D}.Release|x64.Build.0 = Release|x64
		{4F2B799E-3BB1-4074-9B4D-ABCF9338B39D}.Release|x86.ActiveCfg = Release|Win32
		{4F2B799E-3BB1-4074-9B4D-ABCF9338B39D}.Release|x86.Build.0 = Release|Win32
		{BF3B78C5-9628-498D-B1BA-58BFD7DB3EA3}.Debug|Any CPU.ActiveCfg = Debug|Win32
		{BF3B78C5-9628-498D-B1BA-58BFD7DB3EA3}.Debug|x64.ActiveCfg = Debug|x64
		{BF3B78C5-9628-498D-B1BA-58BFD7DB3EA3}.Debug|x64.Build.0 = Debug|x64
		{BF3B78C5-9628-498D-B1BA-58BFD7DB3EA3}.Debug|x86.ActiveCfg = Debug|Win32
		{BF3B78C5-9628-498D-B1BA-58BFD7DB3EA3}.Debug|x86.Build.0 = Debug|Win32
		{BF3B78C5-9628-498D-B1BA-58BFD7DB3EA3}.Release|Any CPU.ActiveCfg = Release|Win32
		{BF3B78C5-9628-498D-B1BA-58BFD7DB3EA3}.Release|x64.ActiveCfg = Release|x64
		{BF3B78C5-9628-498D-B1BA-58BFD7DB3EA3}.Release|x64.Build.0 = Release|x64
		{BF3B78C5-9628-498D-B1BA-58BFD7DB3EA3}.Release|x86.ActiveCfg = Release|Win32
		{BF3B78C5-9628-498D-B1BA-58BFD7DB3EA3}.Release|x86.Build.0 = Release|Win32
		{B38DC932-043D-4704-BBAE-17B3C0336CAD}.Debug|Any CPU.ActiveCfg = Debug|Any CPU
		{B38DC932-043D-4704-BBAE-17B3C0336CAD}.Debug|Any CPU.Build.0 = Debug|Any CPU
		{B38DC932-043D-4704-BBAE-17B3C0336CAD}.Debug|x64.ActiveCfg = Debug|Any CPU
		{B38DC932-043D-4704-BBAE-17B3C0336CAD}.Debug|x64.Build.0 = Debug|Any CPU
		{B38DC932-043D-4704-BBAE-17B3C0336CAD}.Debug|x86.ActiveCfg = Debug|Any CPU
		{B38DC932-043D-4704-BBAE-17B3C0336CAD}.Debug|x86.Build.0 = Debug|Any CPU
		{B38DC932-043D-4704-BBAE-17B3C0336CAD}.Release|Any CPU.ActiveCfg = Release|Any CPU
		{B38DC932-043D-4704-BBAE-17B3C0336CAD}.Release|Any CPU.Build.0 = Release|Any CPU
		{B38DC932-043D-4704-BBAE-17B3C0336CAD}.Release|x64.ActiveCfg = Release|Any CPU
		{B38DC932-043D-4704-BBAE-17B3C0336CAD}.Release|x64.Build.0 = Release|Any CPU
		{B38DC932-043D-4704-BBAE-17B3C0336CAD}.Release|x86.ActiveCfg = Release|Any CPU
		{B38DC932-043D-4704-BBAE-17B3C0336CAD}.Release|x86.Build.0 = Release|Any CPU
		{0496F546-E002-498F-90E6-D2A988EC3936}.Debug|Any CPU.ActiveCfg = Debug|Any CPU
		{0496F546-E002-498F-90E6-D2A988EC3936}.Debug|Any CPU.Build.0 = Debug|Any CPU
		{0496F546-E002-498F-90E6-D2A988EC3936}.Debug|x64.ActiveCfg = Debug|Any CPU
		{0496F546-E002-498F-90E6-D2A988EC3936}.Debug|x64.Build.0 = Debug|Any CPU
		{0496F546-E002-498F-90E6-D2A988EC3936}.Debug|x86.ActiveCfg = Debug|Any CPU
		{0496F546-E002-498F-90E6-D2A988EC3936}.Debug|x86.Build.0 = Debug|Any CPU
		{0496F546-E002-498F-90E6-D2A988EC3936}.Release|Any CPU.ActiveCfg = Release|Any CPU
		{0496F546-E002-498F-90E6-D2A988EC3936}.Release|Any CPU.Build.0 = Release|Any CPU
		{0496F546-E002-498F-90E6-D2A988EC3936}.Release|x64.ActiveCfg = Release|Any CPU
		{0496F546-E002-498F-90E6-D2A988EC3936}.Release|x64.Build.0 = Release|Any CPU
		{0496F546-E002-498F-90E6-D2A988EC3936}.Release|x86.ActiveCfg = Release|Any CPU
		{0496F546-E002-498F-90E6-D2A988EC3936}.Release|x86.Build.0 = Release|Any CPU
		{A040D972-3729-4104-90B8-68C4EEC656D9}.Debug|Any CPU.ActiveCfg = Debug|Any CPU
		{A040D972-3729-4104-90B8-68C4EEC656D9}.Debug|Any CPU.Build.0 = Debug|Any CPU
		{A040D972-3729-4104-90B8-68C4EEC656D9}.Debug|x64.ActiveCfg = Debug|Any CPU
		{A040D972-3729-4104-90B8-68C4EEC656D9}.Debug|x64.Build.0 = Debug|Any CPU
		{A040D972-3729-4104-90B8-68C4EEC656D9}.Debug|x86.ActiveCfg = Debug|Any CPU
		{A040D972-3729-4104-90B8-68C4EEC656D9}.Debug|x86.Build.0 = Debug|Any CPU
		{A040D972-3729-4104-90B8-68C4EEC656D9}.Release|Any CPU.ActiveCfg = Release|Any CPU
		{A040D972-3729-4104-90B8-68C4EEC656D9}.Release|Any CPU.Build.0 = Release|Any CPU
		{A040D972-3729-4104-90B8-68C4EEC656D9}.Release|x64.ActiveCfg = Release|Any CPU
		{A040D972-3729-4104-90B8-68C4EEC656D9}.Release|x64.Build.0 = Release|Any CPU
		{A040D972-3729-4104-90B8-68C4EEC656D9}.Release|x86.ActiveCfg = Release|Any CPU
		{A040D972-3729-4104-90B8-68C4EEC656D9}.Release|x86.Build.0 = Release|Any CPU
	EndGlobalSection
	GlobalSection(SolutionProperties) = preSolution
		HideSolutionNode = FALSE
	EndGlobalSection
	GlobalSection(ExtensibilityGlobals) = postSolution
		SolutionGuid = {6677E5BA-8B92-447C-8304-6DD76467B482}
	EndGlobalSection
EndGlobal
