
Microsoft Visual Studio Solution File, Format Version 12.00
# Visual Studio 15
VisualStudioVersion = 15.0.28010.2046
MinimumVisualStudioVersion = 10.0.40219.1
Project("{9A19103F-16F7-4668-BE54-9A1E7A4F7556}") = "XWebApplication", "XWebApplication\XWebApplication.csproj", "{C9B293B7-331D-4FB9-B9B7-1C3C565810EF}"
EndProject
Project("{9A19103F-16F7-4668-BE54-9A1E7A4F7556}") = "XSystem", "XSystem\XSystem.csproj", "{E3754CFD-7EDE-439A-BBC8-64C1159DBCF4}"
EndProject
Project("{9A19103F-16F7-4668-BE54-9A1E7A4F7556}") = "XSystem.XInternal", "XSystem.XInternal\XSystem.XInternal.csproj", "{539F6586-818C-4B76-8F9D-785BE1A05CF4}"
EndProject
Project("{9A19103F-16F7-4668-BE54-9A1E7A4F7556}") = "XSystem.XReflection.XInternal", "XSystem.XReflection.XInternal\XSystem.XReflection.XInternal.csproj", "{DABEC018-9B5B-44C2-A763-53AD054F8006}"
EndProject
Project("{9A19103F-16F7-4668-BE54-9A1E7A4F7556}") = "XSystem.XComponentModel", "XSystem.XComponentModel\XSystem.XComponentModel.csproj", "{8A5DB960-60FF-4C4F-86AB-7DF50F490D25}"
EndProject
Project("{9A19103F-16F7-4668-BE54-9A1E7A4F7556}") = "XSystem.XComponentModel.XInternal", "XSystem.XComponentModel.XInternal\XSystem.XComponentModel.XInternal.csproj", "{27547DFA-E76E-4241-A222-D4D14A8934D9}"
EndProject
Project("{9A19103F-16F7-4668-BE54-9A1E7A4F7556}") = "OpenUP", "OpenUP\OpenUP.csproj", "{CE37B564-1E7A-4763-B54A-F75C7F46AC4B}"
EndProject
Project("{9A19103F-16F7-4668-BE54-9A1E7A4F7556}") = "_XSystem", "_XSystem\_XSystem.csproj", "{559F31FD-8A87-4663-9499-82F4645C4C45}"
EndProject
Project("{FAE04EC0-301F-11D3-BF4B-00C04F79EFBC}") = "XWebApplication.Tests", "XWebApplication.Tests\XWebApplication.Tests.csproj", "{4FD2EB70-E591-4B0A-9D03-E6652A2808B5}"
EndProject
Global
	GlobalSection(SolutionConfigurationPlatforms) = preSolution
		Debug|Any CPU = Debug|Any CPU
		Release|Any CPU = Release|Any CPU
	EndGlobalSection
	GlobalSection(ProjectConfigurationPlatforms) = postSolution
		{C9B293B7-331D-4FB9-B9B7-1C3C565810EF}.Debug|Any CPU.ActiveCfg = Debug|Any CPU
		{C9B293B7-331D-4FB9-B9B7-1C3C565810EF}.Debug|Any CPU.Build.0 = Debug|Any CPU
		{C9B293B7-331D-4FB9-B9B7-1C3C565810EF}.Release|Any CPU.ActiveCfg = Release|Any CPU
		{C9B293B7-331D-4FB9-B9B7-1C3C565810EF}.Release|Any CPU.Build.0 = Release|Any CPU
		{E3754CFD-7EDE-439A-BBC8-64C1159DBCF4}.Debug|Any CPU.ActiveCfg = Debug|Any CPU
		{E3754CFD-7EDE-439A-BBC8-64C1159DBCF4}.Debug|Any CPU.Build.0 = Debug|Any CPU
		{E3754CFD-7EDE-439A-BBC8-64C1159DBCF4}.Release|Any CPU.ActiveCfg = Release|Any CPU
		{E3754CFD-7EDE-439A-BBC8-64C1159DBCF4}.Release|Any CPU.Build.0 = Release|Any CPU
		{539F6586-818C-4B76-8F9D-785BE1A05CF4}.Debug|Any CPU.ActiveCfg = Debug|Any CPU
		{539F6586-818C-4B76-8F9D-785BE1A05CF4}.Debug|Any CPU.Build.0 = Debug|Any CPU
		{539F6586-818C-4B76-8F9D-785BE1A05CF4}.Release|Any CPU.ActiveCfg = Release|Any CPU
		{539F6586-818C-4B76-8F9D-785BE1A05CF4}.Release|Any CPU.Build.0 = Release|Any CPU
		{DABEC018-9B5B-44C2-A763-53AD054F8006}.Debug|Any CPU.ActiveCfg = Debug|Any CPU
		{DABEC018-9B5B-44C2-A763-53AD054F8006}.Debug|Any CPU.Build.0 = Debug|Any CPU
		{DABEC018-9B5B-44C2-A763-53AD054F8006}.Release|Any CPU.ActiveCfg = Release|Any CPU
		{DABEC018-9B5B-44C2-A763-53AD054F8006}.Release|Any CPU.Build.0 = Release|Any CPU
		{8A5DB960-60FF-4C4F-86AB-7DF50F490D25}.Debug|Any CPU.ActiveCfg = Debug|Any CPU
		{8A5DB960-60FF-4C4F-86AB-7DF50F490D25}.Debug|Any CPU.Build.0 = Debug|Any CPU
		{8A5DB960-60FF-4C4F-86AB-7DF50F490D25}.Release|Any CPU.ActiveCfg = Release|Any CPU
		{8A5DB960-60FF-4C4F-86AB-7DF50F490D25}.Release|Any CPU.Build.0 = Release|Any CPU
		{27547DFA-E76E-4241-A222-D4D14A8934D9}.Debug|Any CPU.ActiveCfg = Debug|Any CPU
		{27547DFA-E76E-4241-A222-D4D14A8934D9}.Debug|Any CPU.Build.0 = Debug|Any CPU
		{27547DFA-E76E-4241-A222-D4D14A8934D9}.Release|Any CPU.ActiveCfg = Release|Any CPU
		{27547DFA-E76E-4241-A222-D4D14A8934D9}.Release|Any CPU.Build.0 = Release|Any CPU
		{CE37B564-1E7A-4763-B54A-F75C7F46AC4B}.Debug|Any CPU.ActiveCfg = Debug|Any CPU
		{CE37B564-1E7A-4763-B54A-F75C7F46AC4B}.Debug|Any CPU.Build.0 = Debug|Any CPU
		{CE37B564-1E7A-4763-B54A-F75C7F46AC4B}.Release|Any CPU.ActiveCfg = Release|Any CPU
		{CE37B564-1E7A-4763-B54A-F75C7F46AC4B}.Release|Any CPU.Build.0 = Release|Any CPU
		{559F31FD-8A87-4663-9499-82F4645C4C45}.Debug|Any CPU.ActiveCfg = Debug|Any CPU
		{559F31FD-8A87-4663-9499-82F4645C4C45}.Debug|Any CPU.Build.0 = Debug|Any CPU
		{559F31FD-8A87-4663-9499-82F4645C4C45}.Release|Any CPU.ActiveCfg = Release|Any CPU
		{559F31FD-8A87-4663-9499-82F4645C4C45}.Release|Any CPU.Build.0 = Release|Any CPU
		{4FD2EB70-E591-4B0A-9D03-E6652A2808B5}.Debug|Any CPU.ActiveCfg = Debug|Any CPU
		{4FD2EB70-E591-4B0A-9D03-E6652A2808B5}.Debug|Any CPU.Build.0 = Debug|Any CPU
		{4FD2EB70-E591-4B0A-9D03-E6652A2808B5}.Release|Any CPU.ActiveCfg = Release|Any CPU
		{4FD2EB70-E591-4B0A-9D03-E6652A2808B5}.Release|Any CPU.Build.0 = Release|Any CPU
	EndGlobalSection
	GlobalSection(SolutionProperties) = preSolution
		HideSolutionNode = FALSE
	EndGlobalSection
	GlobalSection(ExtensibilityGlobals) = postSolution
		SolutionGuid = {6677E5BA-8B92-447C-8304-6DD76467B482}
	EndGlobalSection
EndGlobal
